
Microsoft Visual Studio Solution File, Format Version 12.00
# Visual Studio 15
VisualStudioVersion = 15.0.27428.2037
MinimumVisualStudioVersion = 10.0.40219.1
Project("{9A19103F-16F7-4668-BE54-9A1E7A4F7556}") = "BookSpace.Models", "BookSpace.Models\BookSpace.Models.csproj", "{363709E4-73E7-4589-9FC7-4F07A642344D}"
EndProject
Project("{9A19103F-16F7-4668-BE54-9A1E7A4F7556}") = "BookSpace.Data", "BookSpace.Data\BookSpace.Data.csproj", "{A961956E-30CA-4229-A12B-2EFDD712869A}"
EndProject
Project("{9A19103F-16F7-4668-BE54-9A1E7A4F7556}") = "BookSpace.BlobStorage", "BookSpace.BlobStorage\BookSpace.BlobStorage.csproj", "{E842D80C-CDCA-4D59-BCCA-B5DE3254A41B}"
EndProject
Project("{9A19103F-16F7-4668-BE54-9A1E7A4F7556}") = "BookSpace.CognitiveServices", "BookSpace.CognitiveServices\BookSpace.CognitiveServices.csproj", "{0430DF4E-C37C-408D-8FEC-3E7127ACCA3D}"
EndProject
Project("{9A19103F-16F7-4668-BE54-9A1E7A4F7556}") = "BookSpace.Factories", "BookSpace.Factories\BookSpace.Factories.csproj", "{D5FE357F-6C38-411C-B5BF-3DA5E70DBB08}"
EndProject
Project("{9A19103F-16F7-4668-BE54-9A1E7A4F7556}") = "BookSpace.Web", "BookSpace.Web\BookSpace.Web.csproj", "{EF12B3C7-66C7-407A-AEE9-FDA8ECDE207C}"
EndProject
Project("{9A19103F-16F7-4668-BE54-9A1E7A4F7556}") = "BookSpace.Services", "BookSpace.Services\BookSpace.Services.csproj", "{899B8D6C-D766-47D4-9C57-6B7C07837C13}"
EndProject
Global
	GlobalSection(SolutionConfigurationPlatforms) = preSolution
		Debug|Any CPU = Debug|Any CPU
		Release|Any CPU = Release|Any CPU
	EndGlobalSection
	GlobalSection(ProjectConfigurationPlatforms) = postSolution
		{363709E4-73E7-4589-9FC7-4F07A642344D}.Debug|Any CPU.ActiveCfg = Debug|Any CPU
		{363709E4-73E7-4589-9FC7-4F07A642344D}.Debug|Any CPU.Build.0 = Debug|Any CPU
		{363709E4-73E7-4589-9FC7-4F07A642344D}.Release|Any CPU.ActiveCfg = Release|Any CPU
		{363709E4-73E7-4589-9FC7-4F07A642344D}.Release|Any CPU.Build.0 = Release|Any CPU
		{A961956E-30CA-4229-A12B-2EFDD712869A}.Debug|Any CPU.ActiveCfg = Debug|Any CPU
		{A961956E-30CA-4229-A12B-2EFDD712869A}.Debug|Any CPU.Build.0 = Debug|Any CPU
		{A961956E-30CA-4229-A12B-2EFDD712869A}.Release|Any CPU.ActiveCfg = Release|Any CPU
		{A961956E-30CA-4229-A12B-2EFDD712869A}.Release|Any CPU.Build.0 = Release|Any CPU
		{E842D80C-CDCA-4D59-BCCA-B5DE3254A41B}.Debug|Any CPU.ActiveCfg = Debug|Any CPU
		{E842D80C-CDCA-4D59-BCCA-B5DE3254A41B}.Debug|Any CPU.Build.0 = Debug|Any CPU
		{E842D80C-CDCA-4D59-BCCA-B5DE3254A41B}.Release|Any CPU.ActiveCfg = Release|Any CPU
		{E842D80C-CDCA-4D59-BCCA-B5DE3254A41B}.Release|Any CPU.Build.0 = Release|Any CPU
		{0430DF4E-C37C-408D-8FEC-3E7127ACCA3D}.Debug|Any CPU.ActiveCfg = Debug|Any CPU
		{0430DF4E-C37C-408D-8FEC-3E7127ACCA3D}.Debug|Any CPU.Build.0 = Debug|Any CPU
		{0430DF4E-C37C-408D-8FEC-3E7127ACCA3D}.Release|Any CPU.ActiveCfg = Release|Any CPU
		{0430DF4E-C37C-408D-8FEC-3E7127ACCA3D}.Release|Any CPU.Build.0 = Release|Any CPU
		{D5FE357F-6C38-411C-B5BF-3DA5E70DBB08}.Debug|Any CPU.ActiveCfg = Debug|Any CPU
		{D5FE357F-6C38-411C-B5BF-3DA5E70DBB08}.Debug|Any CPU.Build.0 = Debug|Any CPU
		{D5FE357F-6C38-411C-B5BF-3DA5E70DBB08}.Release|Any CPU.ActiveCfg = Release|Any CPU
		{D5FE357F-6C38-411C-B5BF-3DA5E70DBB08}.Release|Any CPU.Build.0 = Release|Any CPU
		{EF12B3C7-66C7-407A-AEE9-FDA8ECDE207C}.Debug|Any CPU.ActiveCfg = Debug|Any CPU
		{EF12B3C7-66C7-407A-AEE9-FDA8ECDE207C}.Debug|Any CPU.Build.0 = Debug|Any CPU
		{EF12B3C7-66C7-407A-AEE9-FDA8ECDE207C}.Release|Any CPU.ActiveCfg = Release|Any CPU
		{EF12B3C7-66C7-407A-AEE9-FDA8ECDE207C}.Release|Any CPU.Build.0 = Release|Any CPU
		{899B8D6C-D766-47D4-9C57-6B7C07837C13}.Debug|Any CPU.ActiveCfg = Debug|Any CPU
		{899B8D6C-D766-47D4-9C57-6B7C07837C13}.Debug|Any CPU.Build.0 = Debug|Any CPU
		{899B8D6C-D766-47D4-9C57-6B7C07837C13}.Release|Any CPU.ActiveCfg = Release|Any CPU
		{899B8D6C-D766-47D4-9C57-6B7C07837C13}.Release|Any CPU.Build.0 = Release|Any CPU
	EndGlobalSection
	GlobalSection(SolutionProperties) = preSolution
		HideSolutionNode = FALSE
	EndGlobalSection
	GlobalSection(ExtensibilityGlobals) = postSolution
		SolutionGuid = {1646DEBF-872C-4A1F-AC22-22157C261956}
	EndGlobalSection
EndGlobal
